{
    "_readme": [
        "This file locks the dependencies of your project to a known state",
        "Read more about it at http://getcomposer.org/doc/01-basic-usage.md#composer-lock-the-lock-file"
    ],
    "hash": "e8be76e0047e6296b5824dfc4b5b0f40",
    "packages": [
        {
            "name": "micmania1/phptwitter",
            "version": "1.0.0",
            "source": {
                "type": "git",
                "url": "https://github.com/micmania1/phptwitter.git",
                "reference": "1.0.0"
            },
            "dist": {
                "type": "zip",
                "url": "https://api.github.com/repos/micmania1/phptwitter/zipball/1.0.0",
                "reference": "1.0.0",
                "shasum": ""
            },
            "type": "library",
            "notification-url": "https://packagist.org/downloads/",
            "description": "A PHP Twitter Library.",
            "time": "2013-03-22 20:21:22"
        }
    ],
    "packages-dev": [

    ],
    "aliases": [

    ],
    "minimum-stability": "stable",
    "stability-flags": {
        "micmania1/phptwitter": 0
    },
    "platform": [

    ],
    "platform-dev": [

    ]
}
